
Microsoft Visual Studio Solution File, Format Version 12.00
# Visual Studio 15
VisualStudioVersion = 15.0.28307.539
MinimumVisualStudioVersion = 10.0.40219.1
Project("{FAE04EC0-301F-11D3-BF4B-00C04F79EFBC}") = "StarWeb", "StarWeb\StarWeb.csproj", "{0C97D713-3414-4E00-B617-EBDD9BEE1315}"
EndProject
Global
	GlobalSection(SolutionConfigurationPlatforms) = preSolution
		Debug|Any CPU = Debug|Any CPU
		Release|Any CPU = Release|Any CPU
	EndGlobalSection
	GlobalSection(ProjectConfigurationPlatforms) = postSolution
		{0C97D713-3414-4E00-B617-EBDD9BEE1315}.Debug|Any CPU.ActiveCfg = Debug|Any CPU
		{0C97D713-3414-4E00-B617-EBDD9BEE1315}.Debug|Any CPU.Build.0 = Debug|Any CPU
		{0C97D713-3414-4E00-B617-EBDD9BEE1315}.Release|Any CPU.ActiveCfg = Release|Any CPU
		{0C97D713-3414-4E00-B617-EBDD9BEE1315}.Release|Any CPU.Build.0 = Release|Any CPU
	EndGlobalSection
	GlobalSection(SolutionProperties) = preSolution
		HideSolutionNode = FALSE
	EndGlobalSection
	GlobalSection(ExtensibilityGlobals) = postSolution
		SolutionGuid = {AC08C999-A98F-482A-AE07-4801A87CA039}
	EndGlobalSection
EndGlobal
